// !$*UTF8*$!
{
	archiveVersion = 1;
	classes = {
	};
	objectVersion = 50;
	objects = {

/* Begin PBXBuildFile section */
		51EB6F6E2CF8540CA1A74819 /* Pods_GetThatImage_GetThatImageUITests.framework in Frameworks */ = {isa = PBXBuildFile; fileRef = 0D0B37B6F69B7D03B2B8573D /* Pods_GetThatImage_GetThatImageUITests.framework */; };
		6A7BA2270F5B9F7A5F19BEBD /* Pods_GetThatImage.framework in Frameworks */ = {isa = PBXBuildFile; fileRef = B224D5BB034FD374103E7B4D /* Pods_GetThatImage.framework */; };
		95E07A5E25F3B8BE00DBFB44 /* AppDelegate.swift in Sources */ = {isa = PBXBuildFile; fileRef = 95E07A5D25F3B8BE00DBFB44 /* AppDelegate.swift */; };
		95E07A6525F3B8BE00DBFB44 /* Main.storyboard in Resources */ = {isa = PBXBuildFile; fileRef = 95E07A6325F3B8BE00DBFB44 /* Main.storyboard */; };
		95E07A6725F3B8BE00DBFB44 /* Assets.xcassets in Resources */ = {isa = PBXBuildFile; fileRef = 95E07A6625F3B8BE00DBFB44 /* Assets.xcassets */; };
		95E07A6A25F3B8BE00DBFB44 /* LaunchScreen.storyboard in Resources */ = {isa = PBXBuildFile; fileRef = 95E07A6825F3B8BE00DBFB44 /* LaunchScreen.storyboard */; };
		95E07A7525F3B8BF00DBFB44 /* GetThatImageTests.swift in Sources */ = {isa = PBXBuildFile; fileRef = 95E07A7425F3B8BF00DBFB44 /* GetThatImageTests.swift */; };
		95E07A8025F3B8BF00DBFB44 /* GetThatImageUITests.swift in Sources */ = {isa = PBXBuildFile; fileRef = 95E07A7F25F3B8BF00DBFB44 /* GetThatImageUITests.swift */; };
		95F6064A25F3C3AB006DB068 /* NetworkingManager.swift in Sources */ = {isa = PBXBuildFile; fileRef = 95F6064925F3C3AB006DB068 /* NetworkingManager.swift */; };
		95F6064F25F3C3F3006DB068 /* APIClient.swift in Sources */ = {isa = PBXBuildFile; fileRef = 95F6064E25F3C3F3006DB068 /* APIClient.swift */; };
		95F6065425F3C41F006DB068 /* Request.swift in Sources */ = {isa = PBXBuildFile; fileRef = 95F6065325F3C41F006DB068 /* Request.swift */; };
		95F6065925F3C450006DB068 /* RequestBuilder.swift in Sources */ = {isa = PBXBuildFile; fileRef = 95F6065825F3C450006DB068 /* RequestBuilder.swift */; };
		95F6065E25F3C464006DB068 /* GetRequestBuilder.swift in Sources */ = {isa = PBXBuildFile; fileRef = 95F6065D25F3C464006DB068 /* GetRequestBuilder.swift */; };
		95F6066325F3C507006DB068 /* APIError.swift in Sources */ = {isa = PBXBuildFile; fileRef = 95F6066225F3C507006DB068 /* APIError.swift */; };
		95F6066825F3C51C006DB068 /* HTTPMethod.swift in Sources */ = {isa = PBXBuildFile; fileRef = 95F6066725F3C51C006DB068 /* HTTPMethod.swift */; };
		95F6066D25F3C6B7006DB068 /* APIKey.swift in Sources */ = {isa = PBXBuildFile; fileRef = 95F6066C25F3C6B7006DB068 /* APIKey.swift */; };
		95F6067225F3C7D3006DB068 /* Model.swift in Sources */ = {isa = PBXBuildFile; fileRef = 95F6067125F3C7D3006DB068 /* Model.swift */; };
		95F6067725F3C7F1006DB068 /* Result.swift in Sources */ = {isa = PBXBuildFile; fileRef = 95F6067625F3C7F1006DB068 /* Result.swift */; };
		95F6067C25F3C829006DB068 /* ResultModel.swift in Sources */ = {isa = PBXBuildFile; fileRef = 95F6067B25F3C829006DB068 /* ResultModel.swift */; };
		95F6068125F3DE98006DB068 /* ImagesTableViewController.swift in Sources */ = {isa = PBXBuildFile; fileRef = 95F6068025F3DE98006DB068 /* ImagesTableViewController.swift */; };
		BCC8A7E3DDB03FC50096E759 /* Pods_GetThatImageTests.framework in Frameworks */ = {isa = PBXBuildFile; fileRef = 4E7F4E956E0E7227C02794F4 /* Pods_GetThatImageTests.framework */; };
/* End PBXBuildFile section */

/* Begin PBXContainerItemProxy section */
		95E07A7125F3B8BF00DBFB44 /* PBXContainerItemProxy */ = {
			isa = PBXContainerItemProxy;
			containerPortal = 95E07A5225F3B8BE00DBFB44 /* Project object */;
			proxyType = 1;
			remoteGlobalIDString = 95E07A5925F3B8BE00DBFB44;
			remoteInfo = GetThatImage;
		};
		95E07A7C25F3B8BF00DBFB44 /* PBXContainerItemProxy */ = {
			isa = PBXContainerItemProxy;
			containerPortal = 95E07A5225F3B8BE00DBFB44 /* Project object */;
			proxyType = 1;
			remoteGlobalIDString = 95E07A5925F3B8BE00DBFB44;
			remoteInfo = GetThatImage;
		};
/* End PBXContainerItemProxy section */

/* Begin PBXFileReference section */
		0D0B37B6F69B7D03B2B8573D /* Pods_GetThatImage_GetThatImageUITests.framework */ = {isa = PBXFileReference; explicitFileType = wrapper.framework; includeInIndex = 0; path = Pods_GetThatImage_GetThatImageUITests.framework; sourceTree = BUILT_PRODUCTS_DIR; };
		1F54B7DF4451E2F898C8971B /* Pods-GetThatImageTests.release.xcconfig */ = {isa = PBXFileReference; includeInIndex = 1; lastKnownFileType = text.xcconfig; name = "Pods-GetThatImageTests.release.xcconfig"; path = "Target Support Files/Pods-GetThatImageTests/Pods-GetThatImageTests.release.xcconfig"; sourceTree = "<group>"; };
		2484634D14ABF4FB21A52CB2 /* Pods-GetThatImage-GetThatImageUITests.debug.xcconfig */ = {isa = PBXFileReference; includeInIndex = 1; lastKnownFileType = text.xcconfig; name = "Pods-GetThatImage-GetThatImageUITests.debug.xcconfig"; path = "Target Support Files/Pods-GetThatImage-GetThatImageUITests/Pods-GetThatImage-GetThatImageUITests.debug.xcconfig"; sourceTree = "<group>"; };
		4E7F4E956E0E7227C02794F4 /* Pods_GetThatImageTests.framework */ = {isa = PBXFileReference; explicitFileType = wrapper.framework; includeInIndex = 0; path = Pods_GetThatImageTests.framework; sourceTree = BUILT_PRODUCTS_DIR; };
		8C74E71ED9D0913FC583FCB8 /* Pods-GetThatImage.debug.xcconfig */ = {isa = PBXFileReference; includeInIndex = 1; lastKnownFileType = text.xcconfig; name = "Pods-GetThatImage.debug.xcconfig"; path = "Target Support Files/Pods-GetThatImage/Pods-GetThatImage.debug.xcconfig"; sourceTree = "<group>"; };
		95E07A5A25F3B8BE00DBFB44 /* GetThatImage.app */ = {isa = PBXFileReference; explicitFileType = wrapper.application; includeInIndex = 0; path = GetThatImage.app; sourceTree = BUILT_PRODUCTS_DIR; };
		95E07A5D25F3B8BE00DBFB44 /* AppDelegate.swift */ = {isa = PBXFileReference; lastKnownFileType = sourcecode.swift; name = AppDelegate.swift; path = GetThatImage/AppDelegate.swift; sourceTree = "<group>"; };
		95E07A6425F3B8BE00DBFB44 /* Base */ = {isa = PBXFileReference; lastKnownFileType = file.storyboard; name = Base; path = Base.lproj/Main.storyboard; sourceTree = "<group>"; };
		95E07A6625F3B8BE00DBFB44 /* Assets.xcassets */ = {isa = PBXFileReference; lastKnownFileType = folder.assetcatalog; name = Assets.xcassets; path = GetThatImage/Assets.xcassets; sourceTree = "<group>"; };
		95E07A6925F3B8BE00DBFB44 /* Base */ = {isa = PBXFileReference; lastKnownFileType = file.storyboard; name = Base; path = Base.lproj/LaunchScreen.storyboard; sourceTree = "<group>"; };
		95E07A6B25F3B8BE00DBFB44 /* Info.plist */ = {isa = PBXFileReference; lastKnownFileType = text.plist.xml; name = Info.plist; path = GetThatImage/Info.plist; sourceTree = "<group>"; };
		95E07A7025F3B8BF00DBFB44 /* GetThatImageTests.xctest */ = {isa = PBXFileReference; explicitFileType = wrapper.cfbundle; includeInIndex = 0; path = GetThatImageTests.xctest; sourceTree = BUILT_PRODUCTS_DIR; };
		95E07A7425F3B8BF00DBFB44 /* GetThatImageTests.swift */ = {isa = PBXFileReference; lastKnownFileType = sourcecode.swift; path = GetThatImageTests.swift; sourceTree = "<group>"; };
		95E07A7625F3B8BF00DBFB44 /* Info.plist */ = {isa = PBXFileReference; lastKnownFileType = text.plist.xml; path = Info.plist; sourceTree = "<group>"; };
		95E07A7B25F3B8BF00DBFB44 /* GetThatImageUITests.xctest */ = {isa = PBXFileReference; explicitFileType = wrapper.cfbundle; includeInIndex = 0; path = GetThatImageUITests.xctest; sourceTree = BUILT_PRODUCTS_DIR; };
		95E07A7F25F3B8BF00DBFB44 /* GetThatImageUITests.swift */ = {isa = PBXFileReference; lastKnownFileType = sourcecode.swift; path = GetThatImageUITests.swift; sourceTree = "<group>"; };
		95E07A8125F3B8BF00DBFB44 /* Info.plist */ = {isa = PBXFileReference; lastKnownFileType = text.plist.xml; path = Info.plist; sourceTree = "<group>"; };
		95F6064925F3C3AB006DB068 /* NetworkingManager.swift */ = {isa = PBXFileReference; lastKnownFileType = sourcecode.swift; path = NetworkingManager.swift; sourceTree = "<group>"; };
		95F6064E25F3C3F3006DB068 /* APIClient.swift */ = {isa = PBXFileReference; lastKnownFileType = sourcecode.swift; path = APIClient.swift; sourceTree = "<group>"; };
		95F6065325F3C41F006DB068 /* Request.swift */ = {isa = PBXFileReference; lastKnownFileType = sourcecode.swift; path = Request.swift; sourceTree = "<group>"; };
		95F6065825F3C450006DB068 /* RequestBuilder.swift */ = {isa = PBXFileReference; lastKnownFileType = sourcecode.swift; path = RequestBuilder.swift; sourceTree = "<group>"; };
		95F6065D25F3C464006DB068 /* GetRequestBuilder.swift */ = {isa = PBXFileReference; lastKnownFileType = sourcecode.swift; path = GetRequestBuilder.swift; sourceTree = "<group>"; };
		95F6066225F3C507006DB068 /* APIError.swift */ = {isa = PBXFileReference; lastKnownFileType = sourcecode.swift; path = APIError.swift; sourceTree = "<group>"; };
		95F6066725F3C51C006DB068 /* HTTPMethod.swift */ = {isa = PBXFileReference; lastKnownFileType = sourcecode.swift; path = HTTPMethod.swift; sourceTree = "<group>"; };
		95F6066C25F3C6B7006DB068 /* APIKey.swift */ = {isa = PBXFileReference; lastKnownFileType = sourcecode.swift; path = APIKey.swift; sourceTree = "<group>"; };
		95F6067125F3C7D3006DB068 /* Model.swift */ = {isa = PBXFileReference; lastKnownFileType = sourcecode.swift; path = Model.swift; sourceTree = "<group>"; };
		95F6067625F3C7F1006DB068 /* Result.swift */ = {isa = PBXFileReference; lastKnownFileType = sourcecode.swift; path = Result.swift; sourceTree = "<group>"; };
		95F6067B25F3C829006DB068 /* ResultModel.swift */ = {isa = PBXFileReference; lastKnownFileType = sourcecode.swift; path = ResultModel.swift; sourceTree = "<group>"; };
		95F6068025F3DE98006DB068 /* ImagesTableViewController.swift */ = {isa = PBXFileReference; lastKnownFileType = sourcecode.swift; path = ImagesTableViewController.swift; sourceTree = "<group>"; };
		B224D5BB034FD374103E7B4D /* Pods_GetThatImage.framework */ = {isa = PBXFileReference; explicitFileType = wrapper.framework; includeInIndex = 0; path = Pods_GetThatImage.framework; sourceTree = BUILT_PRODUCTS_DIR; };
		C09FD8A6EDB4CFE5FF262239 /* Pods-GetThatImage-GetThatImageUITests.release.xcconfig */ = {isa = PBXFileReference; includeInIndex = 1; lastKnownFileType = text.xcconfig; name = "Pods-GetThatImage-GetThatImageUITests.release.xcconfig"; path = "Target Support Files/Pods-GetThatImage-GetThatImageUITests/Pods-GetThatImage-GetThatImageUITests.release.xcconfig"; sourceTree = "<group>"; };
		F950B3967F778A4165EDA35E /* Pods-GetThatImage.release.xcconfig */ = {isa = PBXFileReference; includeInIndex = 1; lastKnownFileType = text.xcconfig; name = "Pods-GetThatImage.release.xcconfig"; path = "Target Support Files/Pods-GetThatImage/Pods-GetThatImage.release.xcconfig"; sourceTree = "<group>"; };
		FDF798A0CE0FAF5016E53BC4 /* Pods-GetThatImageTests.debug.xcconfig */ = {isa = PBXFileReference; includeInIndex = 1; lastKnownFileType = text.xcconfig; name = "Pods-GetThatImageTests.debug.xcconfig"; path = "Target Support Files/Pods-GetThatImageTests/Pods-GetThatImageTests.debug.xcconfig"; sourceTree = "<group>"; };
/* End PBXFileReference section */

/* Begin PBXFrameworksBuildPhase section */
		95E07A5725F3B8BE00DBFB44 /* Frameworks */ = {
			isa = PBXFrameworksBuildPhase;
			buildActionMask = 2147483647;
			files = (
				6A7BA2270F5B9F7A5F19BEBD /* Pods_GetThatImage.framework in Frameworks */,
			);
			runOnlyForDeploymentPostprocessing = 0;
		};
		95E07A6D25F3B8BF00DBFB44 /* Frameworks */ = {
			isa = PBXFrameworksBuildPhase;
			buildActionMask = 2147483647;
			files = (
				BCC8A7E3DDB03FC50096E759 /* Pods_GetThatImageTests.framework in Frameworks */,
			);
			runOnlyForDeploymentPostprocessing = 0;
		};
		95E07A7825F3B8BF00DBFB44 /* Frameworks */ = {
			isa = PBXFrameworksBuildPhase;
			buildActionMask = 2147483647;
			files = (
				51EB6F6E2CF8540CA1A74819 /* Pods_GetThatImage_GetThatImageUITests.framework in Frameworks */,
			);
			runOnlyForDeploymentPostprocessing = 0;
		};
/* End PBXFrameworksBuildPhase section */

/* Begin PBXGroup section */
		400A2911CEA9C7E9464155BB /* Pods */ = {
			isa = PBXGroup;
			children = (
				8C74E71ED9D0913FC583FCB8 /* Pods-GetThatImage.debug.xcconfig */,
				F950B3967F778A4165EDA35E /* Pods-GetThatImage.release.xcconfig */,
				2484634D14ABF4FB21A52CB2 /* Pods-GetThatImage-GetThatImageUITests.debug.xcconfig */,
				C09FD8A6EDB4CFE5FF262239 /* Pods-GetThatImage-GetThatImageUITests.release.xcconfig */,
				FDF798A0CE0FAF5016E53BC4 /* Pods-GetThatImageTests.debug.xcconfig */,
				1F54B7DF4451E2F898C8971B /* Pods-GetThatImageTests.release.xcconfig */,
			);
			name = Pods;
			path = Pods;
			sourceTree = "<group>";
		};
		95E07A5125F3B8BE00DBFB44 = {
			isa = PBXGroup;
			children = (
				95E07A5C25F3B8BE00DBFB44 /* GetThatImage */,
				95E07A7325F3B8BF00DBFB44 /* GetThatImageTests */,
				95E07A7E25F3B8BF00DBFB44 /* GetThatImageUITests */,
				95E07A5B25F3B8BE00DBFB44 /* Products */,
				400A2911CEA9C7E9464155BB /* Pods */,
				BB56BEEAE5C91B0E831E6D1D /* Frameworks */,
			);
			sourceTree = "<group>";
		};
		95E07A5B25F3B8BE00DBFB44 /* Products */ = {
			isa = PBXGroup;
			children = (
				95E07A5A25F3B8BE00DBFB44 /* GetThatImage.app */,
				95E07A7025F3B8BF00DBFB44 /* GetThatImageTests.xctest */,
				95E07A7B25F3B8BF00DBFB44 /* GetThatImageUITests.xctest */,
			);
			name = Products;
			sourceTree = "<group>";
		};
		95E07A5C25F3B8BE00DBFB44 /* GetThatImage */ = {
			isa = PBXGroup;
			children = (
				95F6064825F3C39A006DB068 /* Networking */,
				95E07A5D25F3B8BE00DBFB44 /* AppDelegate.swift */,
				95E07A6325F3B8BE00DBFB44 /* Main.storyboard */,
				95E07A6625F3B8BE00DBFB44 /* Assets.xcassets */,
				95E07A6825F3B8BE00DBFB44 /* LaunchScreen.storyboard */,
				95E07A6B25F3B8BE00DBFB44 /* Info.plist */,
				95F6068025F3DE98006DB068 /* ImagesTableViewController.swift */,
			);
			path = GetThatImage;
			sourceTree = "<group>";
		};
		95E07A7325F3B8BF00DBFB44 /* GetThatImageTests */ = {
			isa = PBXGroup;
			children = (
				95E07A7425F3B8BF00DBFB44 /* GetThatImageTests.swift */,
				95E07A7625F3B8BF00DBFB44 /* Info.plist */,
			);
			path = GetThatImageTests;
			sourceTree = "<group>";
		};
		95E07A7E25F3B8BF00DBFB44 /* GetThatImageUITests */ = {
			isa = PBXGroup;
			children = (
				95E07A7F25F3B8BF00DBFB44 /* GetThatImageUITests.swift */,
				95E07A8125F3B8BF00DBFB44 /* Info.plist */,
			);
			path = GetThatImageUITests;
			sourceTree = "<group>";
		};
		95F6064825F3C39A006DB068 /* Networking */ = {
			isa = PBXGroup;
			children = (
				95F6064925F3C3AB006DB068 /* NetworkingManager.swift */,
				95F6064E25F3C3F3006DB068 /* APIClient.swift */,
				95F6065325F3C41F006DB068 /* Request.swift */,
				95F6065825F3C450006DB068 /* RequestBuilder.swift */,
				95F6065D25F3C464006DB068 /* GetRequestBuilder.swift */,
				95F6066225F3C507006DB068 /* APIError.swift */,
				95F6066725F3C51C006DB068 /* HTTPMethod.swift */,
				95F6066C25F3C6B7006DB068 /* APIKey.swift */,
				95F6067125F3C7D3006DB068 /* Model.swift */,
				95F6067625F3C7F1006DB068 /* Result.swift */,
				95F6067B25F3C829006DB068 /* ResultModel.swift */,
			);
			path = Networking;
			sourceTree = "<group>";
		};
		BB56BEEAE5C91B0E831E6D1D /* Frameworks */ = {
			isa = PBXGroup;
			children = (
				B224D5BB034FD374103E7B4D /* Pods_GetThatImage.framework */,
				0D0B37B6F69B7D03B2B8573D /* Pods_GetThatImage_GetThatImageUITests.framework */,
				4E7F4E956E0E7227C02794F4 /* Pods_GetThatImageTests.framework */,
			);
			name = Frameworks;
			sourceTree = "<group>";
		};
/* End PBXGroup section */

/* Begin PBXNativeTarget section */
		95E07A5925F3B8BE00DBFB44 /* GetThatImage */ = {
			isa = PBXNativeTarget;
			buildConfigurationList = 95E07A8425F3B8BF00DBFB44 /* Build configuration list for PBXNativeTarget "GetThatImage" */;
			buildPhases = (
				0BB9B14DF54FCC7B4ACAA067 /* [CP] Check Pods Manifest.lock */,
				95E07A5625F3B8BE00DBFB44 /* Sources */,
				95E07A5725F3B8BE00DBFB44 /* Frameworks */,
				95E07A5825F3B8BE00DBFB44 /* Resources */,
				9DAC9B7747C00458D1BEC968 /* [CP] Embed Pods Frameworks */,
			);
			buildRules = (
			);
			dependencies = (
			);
			name = GetThatImage;
			productName = GetThatImage;
			productReference = 95E07A5A25F3B8BE00DBFB44 /* GetThatImage.app */;
			productType = "com.apple.product-type.application";
		};
		95E07A6F25F3B8BF00DBFB44 /* GetThatImageTests */ = {
			isa = PBXNativeTarget;
			buildConfigurationList = 95E07A8725F3B8BF00DBFB44 /* Build configuration list for PBXNativeTarget "GetThatImageTests" */;
			buildPhases = (
				6489046296CDDED409CDBC43 /* [CP] Check Pods Manifest.lock */,
				95E07A6C25F3B8BF00DBFB44 /* Sources */,
				95E07A6D25F3B8BF00DBFB44 /* Frameworks */,
				95E07A6E25F3B8BF00DBFB44 /* Resources */,
			);
			buildRules = (
			);
			dependencies = (
				95E07A7225F3B8BF00DBFB44 /* PBXTargetDependency */,
			);
			name = GetThatImageTests;
			productName = GetThatImageTests;
			productReference = 95E07A7025F3B8BF00DBFB44 /* GetThatImageTests.xctest */;
			productType = "com.apple.product-type.bundle.unit-test";
		};
		95E07A7A25F3B8BF00DBFB44 /* GetThatImageUITests */ = {
			isa = PBXNativeTarget;
			buildConfigurationList = 95E07A8A25F3B8BF00DBFB44 /* Build configuration list for PBXNativeTarget "GetThatImageUITests" */;
			buildPhases = (
				B76FD441E776FE9ADB2012DF /* [CP] Check Pods Manifest.lock */,
				95E07A7725F3B8BF00DBFB44 /* Sources */,
				95E07A7825F3B8BF00DBFB44 /* Frameworks */,
				95E07A7925F3B8BF00DBFB44 /* Resources */,
				A2997B51B6AC72D1924968F5 /* [CP] Embed Pods Frameworks */,
			);
			buildRules = (
			);
			dependencies = (
				95E07A7D25F3B8BF00DBFB44 /* PBXTargetDependency */,
			);
			name = GetThatImageUITests;
			productName = GetThatImageUITests;
			productReference = 95E07A7B25F3B8BF00DBFB44 /* GetThatImageUITests.xctest */;
			productType = "com.apple.product-type.bundle.ui-testing";
		};
/* End PBXNativeTarget section */

/* Begin PBXProject section */
		95E07A5225F3B8BE00DBFB44 /* Project object */ = {
			isa = PBXProject;
			attributes = {
				LastSwiftUpdateCheck = 1240;
				LastUpgradeCheck = 1240;
				TargetAttributes = {
					95E07A5925F3B8BE00DBFB44 = {
						CreatedOnToolsVersion = 12.4;
					};
					95E07A6F25F3B8BF00DBFB44 = {
						CreatedOnToolsVersion = 12.4;
						TestTargetID = 95E07A5925F3B8BE00DBFB44;
					};
					95E07A7A25F3B8BF00DBFB44 = {
						CreatedOnToolsVersion = 12.4;
						TestTargetID = 95E07A5925F3B8BE00DBFB44;
					};
				};
			};
			buildConfigurationList = 95E07A5525F3B8BE00DBFB44 /* Build configuration list for PBXProject "GetThatImage" */;
			compatibilityVersion = "Xcode 9.3";
			developmentRegion = en;
			hasScannedForEncodings = 0;
			knownRegions = (
				en,
				Base,
			);
			mainGroup = 95E07A5125F3B8BE00DBFB44;
			productRefGroup = 95E07A5B25F3B8BE00DBFB44 /* Products */;
			projectDirPath = "";
			projectRoot = "";
			targets = (
				95E07A5925F3B8BE00DBFB44 /* GetThatImage */,
				95E07A6F25F3B8BF00DBFB44 /* GetThatImageTests */,
				95E07A7A25F3B8BF00DBFB44 /* GetThatImageUITests */,
			);
		};
/* End PBXProject section */

/* Begin PBXResourcesBuildPhase section */
		95E07A5825F3B8BE00DBFB44 /* Resources */ = {
			isa = PBXResourcesBuildPhase;
			buildActionMask = 2147483647;
			files = (
				95E07A6A25F3B8BE00DBFB44 /* LaunchScreen.storyboard in Resources */,
				95E07A6725F3B8BE00DBFB44 /* Assets.xcassets in Resources */,
				95E07A6525F3B8BE00DBFB44 /* Main.storyboard in Resources */,
			);
			runOnlyForDeploymentPostprocessing = 0;
		};
		95E07A6E25F3B8BF00DBFB44 /* Resources */ = {
			isa = PBXResourcesBuildPhase;
			buildActionMask = 2147483647;
			files = (
			);
			runOnlyForDeploymentPostprocessing = 0;
		};
		95E07A7925F3B8BF00DBFB44 /* Resources */ = {
			isa = PBXResourcesBuildPhase;
			buildActionMask = 2147483647;
			files = (
			);
			runOnlyForDeploymentPostprocessing = 0;
		};
/* End PBXResourcesBuildPhase section */

/* Begin PBXShellScriptBuildPhase section */
		0BB9B14DF54FCC7B4ACAA067 /* [CP] Check Pods Manifest.lock */ = {
			isa = PBXShellScriptBuildPhase;
			buildActionMask = 2147483647;
			files = (
			);
			inputFileListPaths = (
			);
			inputPaths = (
				"${PODS_PODFILE_DIR_PATH}/Podfile.lock",
				"${PODS_ROOT}/Manifest.lock",
			);
			name = "[CP] Check Pods Manifest.lock";
			outputFileListPaths = (
			);
			outputPaths = (
				"$(DERIVED_FILE_DIR)/Pods-GetThatImage-checkManifestLockResult.txt",
			);
			runOnlyForDeploymentPostprocessing = 0;
			shellPath = /bin/sh;
			shellScript = "diff \"${PODS_PODFILE_DIR_PATH}/Podfile.lock\" \"${PODS_ROOT}/Manifest.lock\" > /dev/null\nif [ $? != 0 ] ; then\n    # print error to STDERR\n    echo \"error: The sandbox is not in sync with the Podfile.lock. Run 'pod install' or update your CocoaPods installation.\" >&2\n    exit 1\nfi\n# This output is used by Xcode 'outputs' to avoid re-running this script phase.\necho \"SUCCESS\" > \"${SCRIPT_OUTPUT_FILE_0}\"\n";
			showEnvVarsInLog = 0;
		};
		6489046296CDDED409CDBC43 /* [CP] Check Pods Manifest.lock */ = {
			isa = PBXShellScriptBuildPhase;
			buildActionMask = 2147483647;
			files = (
			);
			inputFileListPaths = (
			);
			inputPaths = (
				"${PODS_PODFILE_DIR_PATH}/Podfile.lock",
				"${PODS_ROOT}/Manifest.lock",
			);
			name = "[CP] Check Pods Manifest.lock";
			outputFileListPaths = (
			);
			outputPaths = (
				"$(DERIVED_FILE_DIR)/Pods-GetThatImageTests-checkManifestLockResult.txt",
			);
			runOnlyForDeploymentPostprocessing = 0;
			shellPath = /bin/sh;
			shellScript = "diff \"${PODS_PODFILE_DIR_PATH}/Podfile.lock\" \"${PODS_ROOT}/Manifest.lock\" > /dev/null\nif [ $? != 0 ] ; then\n    # print error to STDERR\n    echo \"error: The sandbox is not in sync with the Podfile.lock. Run 'pod install' or update your CocoaPods installation.\" >&2\n    exit 1\nfi\n# This output is used by Xcode 'outputs' to avoid re-running this script phase.\necho \"SUCCESS\" > \"${SCRIPT_OUTPUT_FILE_0}\"\n";
			showEnvVarsInLog = 0;
		};
		9DAC9B7747C00458D1BEC968 /* [CP] Embed Pods Frameworks */ = {
			isa = PBXShellScriptBuildPhase;
			buildActionMask = 2147483647;
			files = (
			);
			inputFileListPaths = (
				"${PODS_ROOT}/Target Support Files/Pods-GetThatImage/Pods-GetThatImage-frameworks-${CONFIGURATION}-input-files.xcfilelist",
			);
			name = "[CP] Embed Pods Frameworks";
			outputFileListPaths = (
				"${PODS_ROOT}/Target Support Files/Pods-GetThatImage/Pods-GetThatImage-frameworks-${CONFIGURATION}-output-files.xcfilelist",
			);
			runOnlyForDeploymentPostprocessing = 0;
			shellPath = /bin/sh;
			shellScript = "\"${PODS_ROOT}/Target Support Files/Pods-GetThatImage/Pods-GetThatImage-frameworks.sh\"\n";
			showEnvVarsInLog = 0;
		};
		A2997B51B6AC72D1924968F5 /* [CP] Embed Pods Frameworks */ = {
			isa = PBXShellScriptBuildPhase;
			buildActionMask = 2147483647;
			files = (
			);
			inputFileListPaths = (
				"${PODS_ROOT}/Target Support Files/Pods-GetThatImage-GetThatImageUITests/Pods-GetThatImage-GetThatImageUITests-frameworks-${CONFIGURATION}-input-files.xcfilelist",
			);
			name = "[CP] Embed Pods Frameworks";
			outputFileListPaths = (
				"${PODS_ROOT}/Target Support Files/Pods-GetThatImage-GetThatImageUITests/Pods-GetThatImage-GetThatImageUITests-frameworks-${CONFIGURATION}-output-files.xcfilelist",
			);
			runOnlyForDeploymentPostprocessing = 0;
			shellPath = /bin/sh;
			shellScript = "\"${PODS_ROOT}/Target Support Files/Pods-GetThatImage-GetThatImageUITests/Pods-GetThatImage-GetThatImageUITests-frameworks.sh\"\n";
			showEnvVarsInLog = 0;
		};
		B76FD441E776FE9ADB2012DF /* [CP] Check Pods Manifest.lock */ = {
			isa = PBXShellScriptBuildPhase;
			buildActionMask = 2147483647;
			files = (
			);
			inputFileListPaths = (
			);
			inputPaths = (
				"${PODS_PODFILE_DIR_PATH}/Podfile.lock",
				"${PODS_ROOT}/Manifest.lock",
			);
			name = "[CP] Check Pods Manifest.lock";
			outputFileListPaths = (
			);
			outputPaths = (
				"$(DERIVED_FILE_DIR)/Pods-GetThatImage-GetThatImageUITests-checkManifestLockResult.txt",
			);
			runOnlyForDeploymentPostprocessing = 0;
			shellPath = /bin/sh;
			shellScript = "diff \"${PODS_PODFILE_DIR_PATH}/Podfile.lock\" \"${PODS_ROOT}/Manifest.lock\" > /dev/null\nif [ $? != 0 ] ; then\n    # print error to STDERR\n    echo \"error: The sandbox is not in sync with the Podfile.lock. Run 'pod install' or update your CocoaPods installation.\" >&2\n    exit 1\nfi\n# This output is used by Xcode 'outputs' to avoid re-running this script phase.\necho \"SUCCESS\" > \"${SCRIPT_OUTPUT_FILE_0}\"\n";
			showEnvVarsInLog = 0;
		};
/* End PBXShellScriptBuildPhase section */

/* Begin PBXSourcesBuildPhase section */
		95E07A5625F3B8BE00DBFB44 /* Sources */ = {
			isa = PBXSourcesBuildPhase;
			buildActionMask = 2147483647;
			files = (
				95F6064A25F3C3AB006DB068 /* NetworkingManager.swift in Sources */,
				95F6065425F3C41F006DB068 /* Request.swift in Sources */,
				95F6065E25F3C464006DB068 /* GetRequestBuilder.swift in Sources */,
				95F6066D25F3C6B7006DB068 /* APIKey.swift in Sources */,
				95F6068125F3DE98006DB068 /* ImagesTableViewController.swift in Sources */,
				95F6065925F3C450006DB068 /* RequestBuilder.swift in Sources */,
				95F6067725F3C7F1006DB068 /* Result.swift in Sources */,
				95F6066825F3C51C006DB068 /* HTTPMethod.swift in Sources */,
				95F6066325F3C507006DB068 /* APIError.swift in Sources */,
				95F6067225F3C7D3006DB068 /* Model.swift in Sources */,
				95F6067C25F3C829006DB068 /* ResultModel.swift in Sources */,
				95E07A5E25F3B8BE00DBFB44 /* AppDelegate.swift in Sources */,
				95F6064F25F3C3F3006DB068 /* APIClient.swift in Sources */,
			);
			runOnlyForDeploymentPostprocessing = 0;
		};
		95E07A6C25F3B8BF00DBFB44 /* Sources */ = {
			isa = PBXSourcesBuildPhase;
			buildActionMask = 2147483647;
			files = (
				95E07A7525F3B8BF00DBFB44 /* GetThatImageTests.swift in Sources */,
			);
			runOnlyForDeploymentPostprocessing = 0;
		};
		95E07A7725F3B8BF00DBFB44 /* Sources */ = {
			isa = PBXSourcesBuildPhase;
			buildActionMask = 2147483647;
			files = (
				95E07A8025F3B8BF00DBFB44 /* GetThatImageUITests.swift in Sources */,
			);
			runOnlyForDeploymentPostprocessing = 0;
		};
/* End PBXSourcesBuildPhase section */

/* Begin PBXTargetDependency section */
		95E07A7225F3B8BF00DBFB44 /* PBXTargetDependency */ = {
			isa = PBXTargetDependency;
			target = 95E07A5925F3B8BE00DBFB44 /* GetThatImage */;
			targetProxy = 95E07A7125F3B8BF00DBFB44 /* PBXContainerItemProxy */;
		};
		95E07A7D25F3B8BF00DBFB44 /* PBXTargetDependency */ = {
			isa = PBXTargetDependency;
			target = 95E07A5925F3B8BE00DBFB44 /* GetThatImage */;
			targetProxy = 95E07A7C25F3B8BF00DBFB44 /* PBXContainerItemProxy */;
		};
/* End PBXTargetDependency section */

/* Begin PBXVariantGroup section */
		95E07A6325F3B8BE00DBFB44 /* Main.storyboard */ = {
			isa = PBXVariantGroup;
			children = (
				95E07A6425F3B8BE00DBFB44 /* Base */,
			);
			name = Main.storyboard;
			path = GetThatImage;
			sourceTree = "<group>";
		};
		95E07A6825F3B8BE00DBFB44 /* LaunchScreen.storyboard */ = {
			isa = PBXVariantGroup;
			children = (
				95E07A6925F3B8BE00DBFB44 /* Base */,
			);
			name = LaunchScreen.storyboard;
			path = GetThatImage;
			sourceTree = "<group>";
		};
/* End PBXVariantGroup section */

/* Begin XCBuildConfiguration section */
		95E07A8225F3B8BF00DBFB44 /* Debug */ = {
			isa = XCBuildConfiguration;
			buildSettings = {
				ALWAYS_SEARCH_USER_PATHS = NO;
				CLANG_ANALYZER_NONNULL = YES;
				CLANG_ANALYZER_NUMBER_OBJECT_CONVERSION = YES_AGGRESSIVE;
				CLANG_CXX_LANGUAGE_STANDARD = "gnu++14";
				CLANG_CXX_LIBRARY = "libc++";
				CLANG_ENABLE_MODULES = YES;
				CLANG_ENABLE_OBJC_ARC = YES;
				CLANG_ENABLE_OBJC_WEAK = YES;
				CLANG_WARN_BLOCK_CAPTURE_AUTORELEASING = YES;
				CLANG_WARN_BOOL_CONVERSION = YES;
				CLANG_WARN_COMMA = YES;
				CLANG_WARN_CONSTANT_CONVERSION = YES;
				CLANG_WARN_DEPRECATED_OBJC_IMPLEMENTATIONS = YES;
				CLANG_WARN_DIRECT_OBJC_ISA_USAGE = YES_ERROR;
				CLANG_WARN_DOCUMENTATION_COMMENTS = YES;
				CLANG_WARN_EMPTY_BODY = YES;
				CLANG_WARN_ENUM_CONVERSION = YES;
				CLANG_WARN_INFINITE_RECURSION = YES;
				CLANG_WARN_INT_CONVERSION = YES;
				CLANG_WARN_NON_LITERAL_NULL_CONVERSION = YES;
				CLANG_WARN_OBJC_IMPLICIT_RETAIN_SELF = YES;
				CLANG_WARN_OBJC_LITERAL_CONVERSION = YES;
				CLANG_WARN_OBJC_ROOT_CLASS = YES_ERROR;
				CLANG_WARN_QUOTED_INCLUDE_IN_FRAMEWORK_HEADER = YES;
				CLANG_WARN_RANGE_LOOP_ANALYSIS = YES;
				CLANG_WARN_STRICT_PROTOTYPES = YES;
				CLANG_WARN_SUSPICIOUS_MOVE = YES;
				CLANG_WARN_UNGUARDED_AVAILABILITY = YES_AGGRESSIVE;
				CLANG_WARN_UNREACHABLE_CODE = YES;
				CLANG_WARN__DUPLICATE_METHOD_MATCH = YES;
				COPY_PHASE_STRIP = NO;
				DEBUG_INFORMATION_FORMAT = dwarf;
				ENABLE_STRICT_OBJC_MSGSEND = YES;
				ENABLE_TESTABILITY = YES;
				GCC_C_LANGUAGE_STANDARD = gnu11;
				GCC_DYNAMIC_NO_PIC = NO;
				GCC_NO_COMMON_BLOCKS = YES;
				GCC_OPTIMIZATION_LEVEL = 0;
				GCC_PREPROCESSOR_DEFINITIONS = (
					"DEBUG=1",
					"$(inherited)",
				);
				GCC_WARN_64_TO_32_BIT_CONVERSION = YES;
				GCC_WARN_ABOUT_RETURN_TYPE = YES_ERROR;
				GCC_WARN_UNDECLARED_SELECTOR = YES;
				GCC_WARN_UNINITIALIZED_AUTOS = YES_AGGRESSIVE;
				GCC_WARN_UNUSED_FUNCTION = YES;
				GCC_WARN_UNUSED_VARIABLE = YES;
				IPHONEOS_DEPLOYMENT_TARGET = 14.4;
				MTL_ENABLE_DEBUG_INFO = INCLUDE_SOURCE;
				MTL_FAST_MATH = YES;
				ONLY_ACTIVE_ARCH = YES;
				SDKROOT = iphoneos;
				SWIFT_ACTIVE_COMPILATION_CONDITIONS = DEBUG;
				SWIFT_OPTIMIZATION_LEVEL = "-Onone";
			};
			name = Debug;
		};
		95E07A8325F3B8BF00DBFB44 /* Release */ = {
			isa = XCBuildConfiguration;
			buildSettings = {
				ALWAYS_SEARCH_USER_PATHS = NO;
				CLANG_ANALYZER_NONNULL = YES;
				CLANG_ANALYZER_NUMBER_OBJECT_CONVERSION = YES_AGGRESSIVE;
				CLANG_CXX_LANGUAGE_STANDARD = "gnu++14";
				CLANG_CXX_LIBRARY = "libc++";
				CLANG_ENABLE_MODULES = YES;
				CLANG_ENABLE_OBJC_ARC = YES;
				CLANG_ENABLE_OBJC_WEAK = YES;
				CLANG_WARN_BLOCK_CAPTURE_AUTORELEASING = YES;
				CLANG_WARN_BOOL_CONVERSION = YES;
				CLANG_WARN_COMMA = YES;
				CLANG_WARN_CONSTANT_CONVERSION = YES;
				CLANG_WARN_DEPRECATED_OBJC_IMPLEMENTATIONS = YES;
				CLANG_WARN_DIRECT_OBJC_ISA_USAGE = YES_ERROR;
				CLANG_WARN_DOCUMENTATION_COMMENTS = YES;
				CLANG_WARN_EMPTY_BODY = YES;
				CLANG_WARN_ENUM_CONVERSION = YES;
				CLANG_WARN_INFINITE_RECURSION = YES;
				CLANG_WARN_INT_CONVERSION = YES;
				CLANG_WARN_NON_LITERAL_NULL_CONVERSION = YES;
				CLANG_WARN_OBJC_IMPLICIT_RETAIN_SELF = YES;
				CLANG_WARN_OBJC_LITERAL_CONVERSION = YES;
				CLANG_WARN_OBJC_ROOT_CLASS = YES_ERROR;
				CLANG_WARN_QUOTED_INCLUDE_IN_FRAMEWORK_HEADER = YES;
				CLANG_WARN_RANGE_LOOP_ANALYSIS = YES;
				CLANG_WARN_STRICT_PROTOTYPES = YES;
				CLANG_WARN_SUSPICIOUS_MOVE = YES;
				CLANG_WARN_UNGUARDED_AVAILABILITY = YES_AGGRESSIVE;
				CLANG_WARN_UNREACHABLE_CODE = YES;
				CLANG_WARN__DUPLICATE_METHOD_MATCH = YES;
				COPY_PHASE_STRIP = NO;
				DEBUG_INFORMATION_FORMAT = "dwarf-with-dsym";
				ENABLE_NS_ASSERTIONS = NO;
				ENABLE_STRICT_OBJC_MSGSEND = YES;
				GCC_C_LANGUAGE_STANDARD = gnu11;
				GCC_NO_COMMON_BLOCKS = YES;
				GCC_WARN_64_TO_32_BIT_CONVERSION = YES;
				GCC_WARN_ABOUT_RETURN_TYPE = YES_ERROR;
				GCC_WARN_UNDECLARED_SELECTOR = YES;
				GCC_WARN_UNINITIALIZED_AUTOS = YES_AGGRESSIVE;
				GCC_WARN_UNUSED_FUNCTION = YES;
				GCC_WARN_UNUSED_VARIABLE = YES;
				IPHONEOS_DEPLOYMENT_TARGET = 14.4;
				MTL_ENABLE_DEBUG_INFO = NO;
				MTL_FAST_MATH = YES;
				SDKROOT = iphoneos;
				SWIFT_COMPILATION_MODE = wholemodule;
				SWIFT_OPTIMIZATION_LEVEL = "-O";
				VALIDATE_PRODUCT = YES;
			};
			name = Release;
		};
		95E07A8525F3B8BF00DBFB44 /* Debug */ = {
			isa = XCBuildConfiguration;
			baseConfigurationReference = 8C74E71ED9D0913FC583FCB8 /* Pods-GetThatImage.debug.xcconfig */;
			buildSettings = {
				ASSETCATALOG_COMPILER_APPICON_NAME = AppIcon;
				ASSETCATALOG_COMPILER_GLOBAL_ACCENT_COLOR_NAME = AccentColor;
				CODE_SIGN_STYLE = Automatic;
				DEVELOPMENT_TEAM = H3TPJQX2MD;
				INFOPLIST_FILE = "$(SRCROOT)/GetThatImage/GetThatImage/Info.plist";
				IPHONEOS_DEPLOYMENT_TARGET = 12.1;
				LD_RUNPATH_SEARCH_PATHS = (
					"$(inherited)",
					"@executable_path/Frameworks",
				);
				PRODUCT_BUNDLE_IDENTIFIER = com.prakhar.GetThatImage;
				PRODUCT_NAME = "$(TARGET_NAME)";
				SWIFT_VERSION = 5.0;
				TARGETED_DEVICE_FAMILY = "1,2";
			};
			name = Debug;
		};
		95E07A8625F3B8BF00DBFB44 /* Release */ = {
			isa = XCBuildConfiguration;
			baseConfigurationReference = F950B3967F778A4165EDA35E /* Pods-GetThatImage.release.xcconfig */;
			buildSettings = {
				ASSETCATALOG_COMPILER_APPICON_NAME = AppIcon;
				ASSETCATALOG_COMPILER_GLOBAL_ACCENT_COLOR_NAME = AccentColor;
				CODE_SIGN_STYLE = Automatic;
				DEVELOPMENT_TEAM = H3TPJQX2MD;
				INFOPLIST_FILE = "$(SRCROOT)/GetThatImage/GetThatImage/Info.plist";
				IPHONEOS_DEPLOYMENT_TARGET = 12.1;
				LD_RUNPATH_SEARCH_PATHS = (
					"$(inherited)",
					"@executable_path/Frameworks",
				);
				PRODUCT_BUNDLE_IDENTIFIER = com.prakhar.GetThatImage;
				PRODUCT_NAME = "$(TARGET_NAME)";
				SWIFT_VERSION = 5.0;
				TARGETED_DEVICE_FAMILY = "1,2";
			};
			name = Release;
		};
		95E07A8825F3B8BF00DBFB44 /* Debug */ = {
			isa = XCBuildConfiguration;
			baseConfigurationReference = FDF798A0CE0FAF5016E53BC4 /* Pods-GetThatImageTests.debug.xcconfig */;
			buildSettings = {
				ALWAYS_EMBED_SWIFT_STANDARD_LIBRARIES = YES;
				BUNDLE_LOADER = "$(TEST_HOST)";
				CODE_SIGN_STYLE = Automatic;
				DEVELOPMENT_TEAM = H3TPJQX2MD;
				INFOPLIST_FILE = GetThatImageTests/Info.plist;
				IPHONEOS_DEPLOYMENT_TARGET = 14.4;
				LD_RUNPATH_SEARCH_PATHS = (
					"$(inherited)",
					"@executable_path/Frameworks",
					"@loader_path/Frameworks",
				);
				PRODUCT_BUNDLE_IDENTIFIER = com.prakhar.GetThatImageTests;
				PRODUCT_NAME = "$(TARGET_NAME)";
				SWIFT_VERSION = 5.0;
				TARGETED_DEVICE_FAMILY = "1,2";
				TEST_HOST = "$(BUILT_PRODUCTS_DIR)/GetThatImage.app/GetThatImage";
			};
			name = Debug;
		};
		95E07A8925F3B8BF00DBFB44 /* Release */ = {
			isa = XCBuildConfiguration;
			baseConfigurationReference = 1F54B7DF4451E2F898C8971B /* Pods-GetThatImageTests.release.xcconfig */;
			buildSettings = {
				ALWAYS_EMBED_SWIFT_STANDARD_LIBRARIES = YES;
				BUNDLE_LOADER = "$(TEST_HOST)";
				CODE_SIGN_STYLE = Automatic;
				DEVELOPMENT_TEAM = H3TPJQX2MD;
				INFOPLIST_FILE = GetThatImageTests/Info.plist;
				IPHONEOS_DEPLOYMENT_TARGET = 14.4;
				LD_RUNPATH_SEARCH_PATHS = (
					"$(inherited)",
					"@executable_path/Frameworks",
					"@loader_path/Frameworks",
				);
				PRODUCT_BUNDLE_IDENTIFIER = com.prakhar.GetThatImageTests;
				PRODUCT_NAME = "$(TARGET_NAME)";
				SWIFT_VERSION = 5.0;
				TARGETED_DEVICE_FAMILY = "1,2";
				TEST_HOST = "$(BUILT_PRODUCTS_DIR)/GetThatImage.app/GetThatImage";
			};
			name = Release;
		};
		95E07A8B25F3B8BF00DBFB44 /* Debug */ = {
			isa = XCBuildConfiguration;
			baseConfigurationReference = 2484634D14ABF4FB21A52CB2 /* Pods-GetThatImage-GetThatImageUITests.debug.xcconfig */;
			buildSettings = {
				ALWAYS_EMBED_SWIFT_STANDARD_LIBRARIES = YES;
				CODE_SIGN_STYLE = Automatic;
				DEVELOPMENT_TEAM = H3TPJQX2MD;
				INFOPLIST_FILE = GetThatImageUITests/Info.plist;
				LD_RUNPATH_SEARCH_PATHS = (
					"$(inherited)",
					"@executable_path/Frameworks",
					"@loader_path/Frameworks",
				);
				PRODUCT_BUNDLE_IDENTIFIER = com.prakhar.GetThatImageUITests;
				PRODUCT_NAME = "$(TARGET_NAME)";
				SWIFT_VERSION = 5.0;
				TARGETED_DEVICE_FAMILY = "1,2";
				TEST_TARGET_NAME = GetThatImage;
			};
			name = Debug;
		};
		95E07A8C25F3B8BF00DBFB44 /* Release */ = {
			isa = XCBuildConfiguration;
			baseConfigurationReference = C09FD8A6EDB4CFE5FF262239 /* Pods-GetThatImage-GetThatImageUITests.release.xcconfig */;
			buildSettings = {
				ALWAYS_EMBED_SWIFT_STANDARD_LIBRARIES = YES;
				CODE_SIGN_STYLE = Automatic;
				DEVELOPMENT_TEAM = H3TPJQX2MD;
				INFOPLIST_FILE = GetThatImageUITests/Info.plist;
				LD_RUNPATH_SEARCH_PATHS = (
					"$(inherited)",
					"@executable_path/Frameworks",
					"@loader_path/Frameworks",
				);
				PRODUCT_BUNDLE_IDENTIFIER = com.prakhar.GetThatImageUITests;
				PRODUCT_NAME = "$(TARGET_NAME)";
				SWIFT_VERSION = 5.0;
				TARGETED_DEVICE_FAMILY = "1,2";
				TEST_TARGET_NAME = GetThatImage;
			};
			name = Release;
		};
/* End XCBuildConfiguration section */

/* Begin XCConfigurationList section */
		95E07A5525F3B8BE00DBFB44 /* Build configuration list for PBXProject "GetThatImage" */ = {
			isa = XCConfigurationList;
			buildConfigurations = (
				95E07A8225F3B8BF00DBFB44 /* Debug */,
				95E07A8325F3B8BF00DBFB44 /* Release */,
			);
			defaultConfigurationIsVisible = 0;
			defaultConfigurationName = Release;
		};
		95E07A8425F3B8BF00DBFB44 /* Build configuration list for PBXNativeTarget "GetThatImage" */ = {
			isa = XCConfigurationList;
			buildConfigurations = (
				95E07A8525F3B8BF00DBFB44 /* Debug */,
				95E07A8625F3B8BF00DBFB44 /* Release */,
			);
			defaultConfigurationIsVisible = 0;
			defaultConfigurationName = Release;
		};
		95E07A8725F3B8BF00DBFB44 /* Build configuration list for PBXNativeTarget "GetThatImageTests" */ = {
			isa = XCConfigurationList;
			buildConfigurations = (
				95E07A8825F3B8BF00DBFB44 /* Debug */,
				95E07A8925F3B8BF00DBFB44 /* Release */,
			);
			defaultConfigurationIsVisible = 0;
			defaultConfigurationName = Release;
		};
		95E07A8A25F3B8BF00DBFB44 /* Build configuration list for PBXNativeTarget "GetThatImageUITests" */ = {
			isa = XCConfigurationList;
			buildConfigurations = (
				95E07A8B25F3B8BF00DBFB44 /* Debug */,
				95E07A8C25F3B8BF00DBFB44 /* Release */,
			);
			defaultConfigurationIsVisible = 0;
			defaultConfigurationName = Release;
		};
/* End XCConfigurationList section */
	};
	rootObject = 95E07A5225F3B8BE00DBFB44 /* Project object */;
}
